
Microsoft Visual Studio Solution File, Format Version 12.00
# Visual Studio Version 17
VisualStudioVersion = 17.11.35327.3
MinimumVisualStudioVersion = 10.0.40219.1
Project("{FAE04EC0-301F-11D3-BF4B-00C04F79EFBC}") = "TranTrongTin_1811061705", "TranTrongTin_1811061705\TranTrongTin_1811061705.csproj", "{E9E7E819-CD5E-4B9E-A2CB-A815174E3083}"
EndProject
Global
	GlobalSection(SolutionConfigurationPlatforms) = preSolution
		Debug|Any CPU = Debug|Any CPU
		Release|Any CPU = Release|Any CPU
	EndGlobalSection
	GlobalSection(ProjectConfigurationPlatforms) = postSolution
		{E9E7E819-CD5E-4B9E-A2CB-A815174E3083}.Debug|Any CPU.ActiveCfg = Debug|Any CPU
		{E9E7E819-CD5E-4B9E-A2CB-A815174E3083}.Debug|Any CPU.Build.0 = Debug|Any CPU
		{E9E7E819-CD5E-4B9E-A2CB-A815174E3083}.Release|Any CPU.ActiveCfg = Release|Any CPU
		{E9E7E819-CD5E-4B9E-A2CB-A815174E3083}.Release|Any CPU.Build.0 = Release|Any CPU
	EndGlobalSection
	GlobalSection(SolutionProperties) = preSolution
		HideSolutionNode = FALSE
	EndGlobalSection
	GlobalSection(ExtensibilityGlobals) = postSolution
		SolutionGuid = {7D0FF327-A910-46B7-A643-FE195419C6D4}
	EndGlobalSection
EndGlobal
